github.com/cpuguy83/go-md2man/v2 v2.0.3/go.mod h1:tgQtvFlXSQOSOSIRvRPT7W67SCa46tRHOmNcaadrF8o=
github.com/davecgh/go-spew v1.1.0/go.mod h1:J7Y8YcW2NihsgmVo/mv3lAwl/skON4iLHjSsI+c5H38=
github.com/davecgh/go-spew v1.1.1 h1:vj9j/u1bqnvCEfJOwUhtlOARqs3+rkHYY13jYWTU97c=
github.com/davecgh/go-spew v1.1.1/go.mod h1:J7Y8YcW2NihsgmVo/mv3lAwl/skON4iLHjSsI+c5H38=
github.com/google/uuid v1.6.0 h1:NIvaJDMOsjHA8n1jAhLSgzrAzy1Hgr+hNrb57e+94F0=
github.com/google/uuid v1.6.0/go.mod h1:TIyPZe4MgqvfeYDBFedMoGGpEw/LqOeaOT+nhxU+yHo=
github.com/gorilla/mux v1.8.1 h1:TuBL49tXwgrFYWhqrNgrUNEY92u81SPhu7sTdzQEiWY=
github.com/gorilla/mux v1.8.1/go.mod h1:AKf9I4AEqPTmMytcMc0KkNouC66V3BtZ4qD5fmWSiMQ=
github.com/inconshreveable/mousetrap v1.1.0 h1:wN+x4NVGpMsO7ErUn/mUI3vEoE6Jt13X2s0bqwp9tc8=
github.com/inconshreveable/mousetrap v1.1.0/go.mod h1:vpF70FUmC8bwa3OWnCshd2FqLfsEA9PFc4w1p2J65bw=
github.com/pmezard/go-difflib v1.0.0 h1:4DBwDE0NGyQoBHbLQYPwSUPoCMWR5BEzIk/f1lZbAQM=
github.com/pmezard/go-difflib v1.0.0/go.mod h1:iKH77koFhYxTK1pcRnkKkqfTogsbg7gZNVY4sRDYZ/4=
github.com/russross/blackfriday/v2 v2.1.0/go.mod h1:+Rmxgy9KzJVeS9/2gXHxylqXiyQDYRxCVz55jmeOWTM=
github.com/rwirdemann/simpleweb v0.0.0-20240508125401-6eb808358193 h1:rkK4kCQ28o+t+pTbhFBLPMDN1oUk7HoOS3NxcYJCqh4=
github.com/rwirdemann/simpleweb v0.0.0-20240508125401-6eb808358193/go.mod h1:u9ia46XUoKDuF7QXWdOG3wQXy5woPdR9wnEIhylK9xs=
github.com/rwirdemann/simpleweb v0.0.0-20240508144318-876dd00b66d7 h1:xuHR3VHPv52BiCjOLkpl6d+zHO0waT7TtqXKo15og/w=
github.com/rwirdemann/simpleweb v0.0.0-20240508144318-876dd00b66d7/go.mod h1:u9ia46XUoKDuF7QXWdOG3wQXy5woPdR9wnEIhylK9xs=
github.com/rwirdemann/simpleweb v0.0.0-20240508150411-91930e318177 h1:l/j+4gtfD3XlHZiaPUpVWcx58ervnwSFXQKcLSGkCSI=
github.com/rwirdemann/simpleweb v0.0.0-20240508150411-91930e318177/go.mod h1:u9ia46XUoKDuF7QXWdOG3wQXy5woPdR9wnEIhylK9xs=
github.com/rwirdemann/simpleweb v0.0.0-20240509092254-c74e3ca96e39 h1:lyPtsC6AMQdg3t4/qSygOXJc1SqHChmdzsxz7j0lLVM=
github.com/rwirdemann/simpleweb v0.0.0-20240509092254-c74e3ca96e39/go.mod h1:u9ia46XUoKDuF7QXWdOG3wQXy5woPdR9wnEIhylK9xs=
github.com/rwirdemann/simpleweb v0.0.0-20240509145525-b63ecb5d2119 h1:CBRd5qruyy2VBT/NR+qJhd/maIP0qkD0IKi7u3KQKq4=
github.com/rwirdemann/simpleweb v0.0.0-20240509145525-b63ecb5d2119/go.mod h1:u9ia46XUoKDuF7QXWdOG3wQXy5woPdR9wnEIhylK9xs=
github.com/rwirdemann/simpleweb v0.0.0-20240509151700-8539fd92f5ca h1:3kOCjTUSVQf7/IGf0ePX91T94dNnLQo4SMc9jUJ6X2s=
github.com/rwirdemann/simpleweb v0.0.0-20240509151700-8539fd92f5ca/go.mod h1:u9ia46XUoKDuF7QXWdOG3wQXy5woPdR9wnEIhylK9xs=
github.com/rwirdemann/simpleweb v0.0.0-20240509200153-874c7890b97a h1:1RDohzTQbo1ZgHZfdkx4aA6rbMoS6oH2JMGQwKnjPf4=
github.com/rwirdemann/simpleweb v0.0.0-20240509200153-874c7890b97a/go.mod h1:u9ia46XUoKDuF7QXWdOG3wQXy5woPdR9wnEIhylK9xs=
github.com/rwirdemann/simpleweb v0.0.0-20240509201312-9f9726f683d9 h1:q5DlRlOfCKuVmpibKWCA4ss223Qh7cMFM/46EDiRR+s=
github.com/rwirdemann/simpleweb v0.0.0-20240509201312-9f9726f683d9/go.mod h1:u9ia46XUoKDuF7QXWdOG3wQXy5woPdR9wnEIhylK9xs=
github.com/rwirdemann/simpleweb v0.0.0-20240509201522-0b9a3954f540 h1:3O9bPXBYs/yKjMmMlaRCctUyE3a5IOGQGhjLSwOp8ts=
github.com/rwirdemann/simpleweb v0.0.0-20240509201522-0b9a3954f540/go.mod h1:u9ia46XUoKDuF7QXWdOG3wQXy5woPdR9wnEIhylK9xs=
github.com/rwirdemann/simpleweb v0.0.0-20240510100014-283104e2ec16 h1:FarqkVkKSlRADi50GYMk6zNZ0kvHoH4wccwQ/qNazcM=
github.com/rwirdemann/simpleweb v0.0.0-20240510100014-283104e2ec16/go.mod h1:u9ia46XUoKDuF7QXWdOG3wQXy5woPdR9wnEIhylK9xs=
github.com/sirupsen/logrus v1.9.3 h1:dueUQJ1C2q9oE3F7wvmSGAaVtTmUizReu6fjN8uqzbQ=
github.com/sirupsen/logrus v1.9.3/go.mod h1:naHLuLoDiP4jHNo9R0sCBMtWGeIprob74mVsIT4qYEQ=
github.com/spf13/cobra v1.8.0 h1:7aJaZx1B85qltLMc546zn58BxxfZdR/W22ej9CFoEf0=
github.com/spf13/cobra v1.8.0/go.mod h1:WXLWApfZ71AjXPya3WOlMsY9yMs7YeiHhFVlvLyhcho=
github.com/spf13/pflag v1.0.5 h1:iy+VFUOCP1a+8yFto/drg2CJ5u0yRoB7fZw3DKv/JXA=
github.com/spf13/pflag v1.0.5/go.mod h1:McXfInJRrz4CZXVZOBLb0bTZqETkiAhM9Iw0y3An2Bg=
github.com/stretchr/objx v0.1.0/go.mod h1:HFkY916IF+rwdDfMAkV7OtwuqBVzrE8GR6GFx+wExME=
github.com/stretchr/testify v1.7.0/go.mod h1:6Fq8oRcR53rry900zMqJjRRixrwX3KX962/h/Wwjteg=
github.com/stretchr/testify v1.9.0 h1:HtqpIVDClZ4nwg75+f6Lvsy/wHu+3BoSGCbBAcpTsTg=
github.com/stretchr/testify v1.9.0/go.mod h1:r2ic/lqez/lEtzL7wO/rwa5dbSLXVDPFyf8C91i36aY=
golang.org/x/sys v0.0.0-20220715151400-c0bba94af5f8 h1:0A+M6Uqn+Eje4kHMK80dtF3JCXC4ykBgQG4Fe06QRhQ=
golang.org/x/sys v0.0.0-20220715151400-c0bba94af5f8/go.mod h1:oPkhp1MJrh7nUepCBck5+mAzfO9JrbApNNgaTdGDITg=
golang.org/x/sys v0.20.0 h1:Od9JTbYCk261bKm4M/mw7AklTlFYIa0bIp9BgSm1S8Y=
golang.org/x/sys v0.20.0/go.mod h1:/VUhepiaJMQUp4+oa/7Zr1D23ma6VTLIYjOOTFZPUcA=
gopkg.in/check.v1 v0.0.0-20161208181325-20d25e280405 h1:yhCVgyC4o1eVCa2tZl7eS0r+SDo693bJlVdllGtEeKM=
gopkg.in/check.v1 v0.0.0-20161208181325-20d25e280405/go.mod h1:Co6ibVJAznAaIkqp8huTwlJQCZ016jof/cbN4VW5Yz0=
gopkg.in/yaml.v3 v3.0.0-20200313102051-9f266ea9e77c/go.mod h1:K4uyk7z7BCEPqu6E+C64Yfv1cQ7kz7rIZviUmN+EgEM=
gopkg.in/yaml.v3 v3.0.1 h1:fxVm/GzAzEWqLHuvctI91KS9hhNmmWOoWu0XTYJS7CA=
gopkg.in/yaml.v3 v3.0.1/go.mod h1:K4uyk7z7BCEPqu6E+C64Yfv1cQ7kz7rIZviUmN+EgEM=
